{
  "name": "command-base64-encoding",
  "version": "1.0.0",
  "lockfileVersion": 2,
  "requires": true,
  "packages": {
    "": {
      "version": "1.0.0",
      "license": "ISC",
      "dependencies": {
        "commander": "^8.1.0"
      },
      "bin": {
        "cbe": "bin/command-base64-encoding.js",
        "command-base64-encoding": "bin/command-base64-encoding.js"
      }
    },
    "node_modules/commander": {
      "version": "8.1.0",
      "resolved": "https://repo.huaweicloud.com/repository/npm/commander/-/commander-8.1.0.tgz",
      "integrity": "sha512-mf45ldcuHSYShkplHHGKWb4TrmwQadxOn7v4WuhDJy0ZVoY5JFajaRDKD0PNe5qXzBX0rhovjTnP6Kz9LETcuA==",
      "license": "MIT",
      "engines": {
        "node": ">= 12"
      }
    }
  },
  "dependencies": {
    "commander": {
      "version": "8.1.0",
      "resolved": "https://repo.huaweicloud.com/repository/npm/commander/-/commander-8.1.0.tgz",
      "integrity": "sha512-mf45ldcuHSYShkplHHGKWb4TrmwQadxOn7v4WuhDJy0ZVoY5JFajaRDKD0PNe5qXzBX0rhovjTnP6Kz9LETcuA=="
    }
  }
}
